
Microsoft Visual Studio Solution File, Format Version 12.00
# Visual Studio Version 17
VisualStudioVersion = 17.4.33213.308
MinimumVisualStudioVersion = 10.0.40219.1
Project("{FAE04EC0-301F-11D3-BF4B-00C04F79EFBC}") = "Separador de números ímpares e pares", "Separador de números ímpares e pares\Separador de números ímpares e pares.csproj", "{776AB7F0-2C36-46E1-B871-38ACA317BBDA}"
EndProject
Global
	GlobalSection(SolutionConfigurationPlatforms) = preSolution
		Debug|Any CPU = Debug|Any CPU
		Release|Any CPU = Release|Any CPU
	EndGlobalSection
	GlobalSection(ProjectConfigurationPlatforms) = postSolution
		{776AB7F0-2C36-46E1-B871-38ACA317BBDA}.Debug|Any CPU.ActiveCfg = Debug|Any CPU
		{776AB7F0-2C36-46E1-B871-38ACA317BBDA}.Debug|Any CPU.Build.0 = Debug|Any CPU
		{776AB7F0-2C36-46E1-B871-38ACA317BBDA}.Release|Any CPU.ActiveCfg = Release|Any CPU
		{776AB7F0-2C36-46E1-B871-38ACA317BBDA}.Release|Any CPU.Build.0 = Release|Any CPU
	EndGlobalSection
	GlobalSection(SolutionProperties) = preSolution
		HideSolutionNode = FALSE
	EndGlobalSection
	GlobalSection(ExtensibilityGlobals) = postSolution
		SolutionGuid = {62527B0F-9764-457D-BAED-8E473B418C67}
	EndGlobalSection
EndGlobal
