
Microsoft Visual Studio Solution File, Format Version 12.00
# Visual Studio Version 17
VisualStudioVersion = 17.4.33213.308
MinimumVisualStudioVersion = 10.0.40219.1
Project("{FAE04EC0-301F-11D3-BF4B-00C04F79EFBC}") = "Sequência de Fibonacci", "Sequência de Fibonacci\Sequência de Fibonacci.csproj", "{7E62BCA6-4A15-481A-AD1C-84D812566A55}"
EndProject
Global
	GlobalSection(SolutionConfigurationPlatforms) = preSolution
		Debug|Any CPU = Debug|Any CPU
		Release|Any CPU = Release|Any CPU
	EndGlobalSection
	GlobalSection(ProjectConfigurationPlatforms) = postSolution
		{7E62BCA6-4A15-481A-AD1C-84D812566A55}.Debug|Any CPU.ActiveCfg = Debug|Any CPU
		{7E62BCA6-4A15-481A-AD1C-84D812566A55}.Debug|Any CPU.Build.0 = Debug|Any CPU
		{7E62BCA6-4A15-481A-AD1C-84D812566A55}.Release|Any CPU.ActiveCfg = Release|Any CPU
		{7E62BCA6-4A15-481A-AD1C-84D812566A55}.Release|Any CPU.Build.0 = Release|Any CPU
	EndGlobalSection
	GlobalSection(SolutionProperties) = preSolution
		HideSolutionNode = FALSE
	EndGlobalSection
	GlobalSection(ExtensibilityGlobals) = postSolution
		SolutionGuid = {3A482A8B-D1F2-4F9A-8165-FC1D89B2C2D7}
	EndGlobalSection
EndGlobal
