
Microsoft Visual Studio Solution File, Format Version 12.00
# Visual Studio Version 17
VisualStudioVersion = 17.4.33213.308
MinimumVisualStudioVersion = 10.0.40219.1
Project("{FAE04EC0-301F-11D3-BF4B-00C04F79EFBC}") = "Buscador de números primos", "Buscador de números primos\Buscador de números primos.csproj", "{265F5F0D-561D-4104-9D36-BD008FA2C3CB}"
EndProject
Global
	GlobalSection(SolutionConfigurationPlatforms) = preSolution
		Debug|Any CPU = Debug|Any CPU
		Release|Any CPU = Release|Any CPU
	EndGlobalSection
	GlobalSection(ProjectConfigurationPlatforms) = postSolution
		{265F5F0D-561D-4104-9D36-BD008FA2C3CB}.Debug|Any CPU.ActiveCfg = Debug|Any CPU
		{265F5F0D-561D-4104-9D36-BD008FA2C3CB}.Debug|Any CPU.Build.0 = Debug|Any CPU
		{265F5F0D-561D-4104-9D36-BD008FA2C3CB}.Release|Any CPU.ActiveCfg = Release|Any CPU
		{265F5F0D-561D-4104-9D36-BD008FA2C3CB}.Release|Any CPU.Build.0 = Release|Any CPU
	EndGlobalSection
	GlobalSection(SolutionProperties) = preSolution
		HideSolutionNode = FALSE
	EndGlobalSection
	GlobalSection(ExtensibilityGlobals) = postSolution
		SolutionGuid = {616FFEEC-BD60-4A4D-A37B-24B993360A97}
	EndGlobalSection
EndGlobal
